
Microsoft Visual Studio Solution File, Format Version 12.00
# Visual Studio Version 17
VisualStudioVersion = 17.4.33122.133
MinimumVisualStudioVersion = 10.0.40219.1
Project("{FAE04EC0-301F-11D3-BF4B-00C04F79EFBC}") = "FormUL", "FormUL\FormUL.csproj", "{37FFC5C8-AC40-4E3A-B2F4-C3D5ADE6B291}"
EndProject
Global
	GlobalSection(SolutionConfigurationPlatforms) = preSolution
		Debug|Any CPU = Debug|Any CPU
		Release|Any CPU = Release|Any CPU
	EndGlobalSection
	GlobalSection(ProjectConfigurationPlatforms) = postSolution
		{37FFC5C8-AC40-4E3A-B2F4-C3D5ADE6B291}.Debug|Any CPU.ActiveCfg = Debug|Any CPU
		{37FFC5C8-AC40-4E3A-B2F4-C3D5ADE6B291}.Debug|Any CPU.Build.0 = Debug|Any CPU
		{37FFC5C8-AC40-4E3A-B2F4-C3D5ADE6B291}.Release|Any CPU.ActiveCfg = Release|Any CPU
		{37FFC5C8-AC40-4E3A-B2F4-C3D5ADE6B291}.Release|Any CPU.Build.0 = Release|Any CPU
	EndGlobalSection
	GlobalSection(SolutionProperties) = preSolution
		HideSolutionNode = FALSE
	EndGlobalSection
	GlobalSection(ExtensibilityGlobals) = postSolution
		SolutionGuid = {87AA0AC7-E271-4362-B6A1-321EB33C6D0A}
	EndGlobalSection
EndGlobal
